<?xml version="1.0" encoding="utf-8"?>
<Project ToolsVersion="4.0" xmlns="http://schemas.microsoft.com/developer/msbuild/2003">
  <ItemGroup>
    <Filter Include="Source Files">
      <UniqueIdentifier>{1f359517-2725-45d4-8edf-822fe920e8c9}</UniqueIdentifier>
      <Extensions>cpp;c;cxx;rc;def;r;odl;idl;hpj;bat</Extensions>
    </Filter>
    <Filter Include="Header Files">
      <UniqueIdentifier>{deba9ca7-0681-4511-9bce-4b6424749921}</UniqueIdentifier>
      <Extensions>h;hpp;hxx;hm;inl</Extensions>
    </Filter>
  </ItemGroup>
  <ItemGroup>
    <ClCompile Include="..\src\charset.c">
      <Filter>Source Files</Filter>
    </ClCompile>
    <ClCompile Include="..\src\form.c">
      <Filter>Source Files</Filter>
    </ClCompile>
    <ClCompile Include="..\src\namazu.c">
      <Filter>Source Files</Filter>
    </ClCompile>
    <ClCompile Include="..\src\output.c">
      <Filter>Source Files</Filter>
    </ClCompile>
    <ClCompile Include="..\src\rcfile.c">
      <Filter>Source Files</Filter>
    </ClCompile>
    <ClCompile Include="..\src\result.c">
      <Filter>Source Files</Filter>
    </ClCompile>
    <ClCompile Include="..\src\usage.c">
      <Filter>Source Files</Filter>
    </ClCompile>
  </ItemGroup>
  <ItemGroup>
    <ClInclude Include="..\nmz\alias.h">
      <Filter>Header Files</Filter>
    </ClInclude>
    <ClInclude Include="..\src\charset.h">
      <Filter>Header Files</Filter>
    </ClInclude>
    <ClInclude Include="..\nmz\codeconv.h">
      <Filter>Header Files</Filter>
    </ClInclude>
    <ClInclude Include="include\CONFIG.H">
      <Filter>Header Files</Filter>
    </ClInclude>
    <ClInclude Include="..\nmz\field.h">
      <Filter>Header Files</Filter>
    </ClInclude>
    <ClInclude Include="..\src\form.h">
      <Filter>Header Files</Filter>
    </ClInclude>
    <ClInclude Include="..\nmz\hlist.h">
      <Filter>Header Files</Filter>
    </ClInclude>
    <ClInclude Include="..\nmz\i18n.h">
      <Filter>Header Files</Filter>
    </ClInclude>
    <ClInclude Include="..\nmz\idxname.h">
      <Filter>Header Files</Filter>
    </ClInclude>
    <ClInclude Include="..\nmz\l10n-ja.h">
      <Filter>Header Files</Filter>
    </ClInclude>
    <ClInclude Include="..\..\..\usr\include\libintl.h">
      <Filter>Header Files</Filter>
    </ClInclude>
    <ClInclude Include="..\nmz\libnamazu.h">
      <Filter>Header Files</Filter>
    </ClInclude>
    <ClInclude Include="..\src\message.h">
      <Filter>Header Files</Filter>
    </ClInclude>
    <ClInclude Include="..\src\namazu.h">
      <Filter>Header Files</Filter>
    </ClInclude>
    <ClInclude Include="..\src\output.h">
      <Filter>Header Files</Filter>
    </ClInclude>
    <ClInclude Include="..\nmz\query.h">
      <Filter>Header Files</Filter>
    </ClInclude>
    <ClInclude Include="..\src\rcfile.h">
      <Filter>Header Files</Filter>
    </ClInclude>
    <ClInclude Include="..\nmz\re.h">
      <Filter>Header Files</Filter>
    </ClInclude>
    <ClInclude Include="..\nmz\regex.h">
      <Filter>Header Files</Filter>
    </ClInclude>
    <ClInclude Include="..\nmz\replace.h">
      <Filter>Header Files</Filter>
    </ClInclude>
    <ClInclude Include="..\src\result.h">
      <Filter>Header Files</Filter>
    </ClInclude>
    <ClInclude Include="..\nmz\score.h">
      <Filter>Header Files</Filter>
    </ClInclude>
    <ClInclude Include="..\nmz\support.h">
      <Filter>Header Files</Filter>
    </ClInclude>
    <ClInclude Include="..\nmz\system.h">
      <Filter>Header Files</Filter>
    </ClInclude>
    <ClInclude Include="..\src\usage.h">
      <Filter>Header Files</Filter>
    </ClInclude>
    <ClInclude Include="..\nmz\var.h">
      <Filter>Header Files</Filter>
    </ClInclude>
  </ItemGroup>
</Project>