<?xml version="1.0" encoding="utf-8"?>
<Project ToolsVersion="4.0" xmlns="http://schemas.microsoft.com/developer/msbuild/2003">
  <ItemGroup>
    <Filter Include="Source Files">
      <UniqueIdentifier>{bb02b9cc-9b4e-48b4-91c7-cb38fd387f1e}</UniqueIdentifier>
      <Extensions>cpp;c;cxx;rc;def;r;odl;idl;hpj;bat</Extensions>
    </Filter>
    <Filter Include="Header Files">
      <UniqueIdentifier>{a0f67007-66ae-40f6-aa46-8e12f200afb2}</UniqueIdentifier>
      <Extensions>h;hpp;hxx;hm;inl</Extensions>
    </Filter>
  </ItemGroup>
  <ItemGroup>
    <ClCompile Include="..\nmz\alias.c">
      <Filter>Source Files</Filter>
    </ClCompile>
    <ClCompile Include="..\nmz\codeconv.c">
      <Filter>Source Files</Filter>
    </ClCompile>
    <ClCompile Include="..\nmz\field.c">
      <Filter>Source Files</Filter>
    </ClCompile>
    <ClCompile Include="..\lib\getopt.c">
      <Filter>Source Files</Filter>
    </ClCompile>
    <ClCompile Include="..\lib\getopt1.c">
      <Filter>Source Files</Filter>
    </ClCompile>
    <ClCompile Include="..\nmz\hlist.c">
      <Filter>Source Files</Filter>
    </ClCompile>
    <ClCompile Include="..\nmz\i18n.c">
      <Filter>Source Files</Filter>
    </ClCompile>
    <ClCompile Include="..\nmz\idxname.c">
      <Filter>Source Files</Filter>
    </ClCompile>
    <ClCompile Include="..\nmz\l10n-ja.c">
      <Filter>Source Files</Filter>
    </ClCompile>
    <ClCompile Include="..\nmz\libnamazu.c">
      <Filter>Source Files</Filter>
    </ClCompile>
    <ClCompile Include="..\nmz\list.c">
      <Filter>Source Files</Filter>
    </ClCompile>
    <ClCompile Include="..\nmz\nmzversion.c">
      <Filter>Source Files</Filter>
    </ClCompile>
    <ClCompile Include="..\nmz\parser.c">
      <Filter>Source Files</Filter>
    </ClCompile>
    <ClCompile Include="..\nmz\query.c">
      <Filter>Source Files</Filter>
    </ClCompile>
    <ClCompile Include="..\nmz\re.c">
      <Filter>Source Files</Filter>
    </ClCompile>
    <ClCompile Include="..\nmz\regex.c">
      <Filter>Source Files</Filter>
    </ClCompile>
    <ClCompile Include="..\nmz\replace.c">
      <Filter>Source Files</Filter>
    </ClCompile>
    <ClCompile Include="..\nmz\score.c">
      <Filter>Source Files</Filter>
    </ClCompile>
    <ClCompile Include="..\nmz\search.c">
      <Filter>Source Files</Filter>
    </ClCompile>
    <ClCompile Include="..\nmz\seed.c">
      <Filter>Source Files</Filter>
    </ClCompile>
    <ClCompile Include="..\nmz\util.c">
      <Filter>Source Files</Filter>
    </ClCompile>
    <ClCompile Include="..\nmz\var.c">
      <Filter>Source Files</Filter>
    </ClCompile>
    <ClCompile Include="..\nmz\wakati.c">
      <Filter>Source Files</Filter>
    </ClCompile>
  </ItemGroup>
  <ItemGroup>
    <ClInclude Include="..\nmz\alias.h">
      <Filter>Header Files</Filter>
    </ClInclude>
    <ClInclude Include="..\nmz\codeconv.h">
      <Filter>Header Files</Filter>
    </ClInclude>
    <ClInclude Include="include\CONFIG.H">
      <Filter>Header Files</Filter>
    </ClInclude>
    <ClInclude Include="..\nmz\field.h">
      <Filter>Header Files</Filter>
    </ClInclude>
    <ClInclude Include="..\lib\getopt.h">
      <Filter>Header Files</Filter>
    </ClInclude>
    <ClInclude Include="..\nmz\hlist.h">
      <Filter>Header Files</Filter>
    </ClInclude>
    <ClInclude Include="..\nmz\i18n.h">
      <Filter>Header Files</Filter>
    </ClInclude>
    <ClInclude Include="..\nmz\idxname.h">
      <Filter>Header Files</Filter>
    </ClInclude>
    <ClInclude Include="..\nmz\l10n-ja.h">
      <Filter>Header Files</Filter>
    </ClInclude>
    <ClInclude Include="..\..\..\usr\include\libintl.h">
      <Filter>Header Files</Filter>
    </ClInclude>
    <ClInclude Include="..\nmz\libnamazu.h">
      <Filter>Header Files</Filter>
    </ClInclude>
    <ClInclude Include="..\nmz\list.h">
      <Filter>Header Files</Filter>
    </ClInclude>
    <ClInclude Include="..\nmz\parser.h">
      <Filter>Header Files</Filter>
    </ClInclude>
    <ClInclude Include="..\nmz\query.h">
      <Filter>Header Files</Filter>
    </ClInclude>
    <ClInclude Include="..\nmz\re.h">
      <Filter>Header Files</Filter>
    </ClInclude>
    <ClInclude Include="..\nmz\regex.h">
      <Filter>Header Files</Filter>
    </ClInclude>
    <ClInclude Include="..\nmz\replace.h">
      <Filter>Header Files</Filter>
    </ClInclude>
    <ClInclude Include="..\nmz\score.h">
      <Filter>Header Files</Filter>
    </ClInclude>
    <ClInclude Include="..\nmz\search.h">
      <Filter>Header Files</Filter>
    </ClInclude>
    <ClInclude Include="..\nmz\seed.h">
      <Filter>Header Files</Filter>
    </ClInclude>
    <ClInclude Include="..\nmz\support.h">
      <Filter>Header Files</Filter>
    </ClInclude>
    <ClInclude Include="..\nmz\system.h">
      <Filter>Header Files</Filter>
    </ClInclude>
    <ClInclude Include="..\nmz\util.h">
      <Filter>Header Files</Filter>
    </ClInclude>
    <ClInclude Include="..\nmz\var.h">
      <Filter>Header Files</Filter>
    </ClInclude>
    <ClInclude Include="..\nmz\wakati.h">
      <Filter>Header Files</Filter>
    </ClInclude>
  </ItemGroup>
</Project>