<?xml version="1.0" encoding="utf-8"?>
<Project ToolsVersion="4.0" xmlns="http://schemas.microsoft.com/developer/msbuild/2003">
  <ItemGroup>
    <Filter Include="ソース ファイル">
      <UniqueIdentifier>{4FC737F1-C7A5-4376-A066-2A32D752A2FF}</UniqueIdentifier>
      <Extensions>cpp;c;cc;cxx;def;odl;idl;hpj;bat;asm;asmx</Extensions>
    </Filter>
    <Filter Include="ヘッダー ファイル">
      <UniqueIdentifier>{93995380-89BD-4b04-88EB-625FBE52EBFB}</UniqueIdentifier>
      <Extensions>h;hpp;hxx;hm;inl;inc;xsd</Extensions>
    </Filter>
    <Filter Include="リソース ファイル">
      <UniqueIdentifier>{67DA6AB6-F800-4c08-8B7A-83BB121AAD01}</UniqueIdentifier>
      <Extensions>rc;ico;cur;bmp;dlg;rc2;rct;bin;rgs;gif;jpg;jpeg;jpe;resx;tiff;tif;png;wav</Extensions>
    </Filter>
  </ItemGroup>
  <ItemGroup>
    <ClCompile Include="..\nmz\alias.c">
      <Filter>ソース ファイル</Filter>
    </ClCompile>
    <ClCompile Include="..\nmz\codeconv.c">
      <Filter>ソース ファイル</Filter>
    </ClCompile>
    <ClCompile Include="..\nmz\field.c">
      <Filter>ソース ファイル</Filter>
    </ClCompile>
    <ClCompile Include="..\lib\getopt.c">
      <Filter>ソース ファイル</Filter>
    </ClCompile>
    <ClCompile Include="..\lib\getopt1.c">
      <Filter>ソース ファイル</Filter>
    </ClCompile>
    <ClCompile Include="..\nmz\hlist.c">
      <Filter>ソース ファイル</Filter>
    </ClCompile>
    <ClCompile Include="..\nmz\i18n.c">
      <Filter>ソース ファイル</Filter>
    </ClCompile>
    <ClCompile Include="..\nmz\idxname.c">
      <Filter>ソース ファイル</Filter>
    </ClCompile>
    <ClCompile Include="..\nmz\l10n-ja.c">
      <Filter>ソース ファイル</Filter>
    </ClCompile>
    <ClCompile Include="..\nmz\libnamazu.c">
      <Filter>ソース ファイル</Filter>
    </ClCompile>
    <ClCompile Include="..\nmz\list.c">
      <Filter>ソース ファイル</Filter>
    </ClCompile>
    <ClCompile Include="..\nmz\nmzversion.c">
      <Filter>ソース ファイル</Filter>
    </ClCompile>
    <ClCompile Include="..\nmz\parser.c">
      <Filter>ソース ファイル</Filter>
    </ClCompile>
    <ClCompile Include="..\nmz\query.c">
      <Filter>ソース ファイル</Filter>
    </ClCompile>
    <ClCompile Include="..\nmz\re.c">
      <Filter>ソース ファイル</Filter>
    </ClCompile>
    <ClCompile Include="..\nmz\regex.c">
      <Filter>ソース ファイル</Filter>
    </ClCompile>
    <ClCompile Include="..\nmz\replace.c">
      <Filter>ソース ファイル</Filter>
    </ClCompile>
    <ClCompile Include="..\nmz\score.c">
      <Filter>ソース ファイル</Filter>
    </ClCompile>
    <ClCompile Include="..\nmz\search.c">
      <Filter>ソース ファイル</Filter>
    </ClCompile>
    <ClCompile Include="..\nmz\seed.c">
      <Filter>ソース ファイル</Filter>
    </ClCompile>
    <ClCompile Include="..\nmz\util.c">
      <Filter>ソース ファイル</Filter>
    </ClCompile>
    <ClCompile Include="..\nmz\var.c">
      <Filter>ソース ファイル</Filter>
    </ClCompile>
    <ClCompile Include="..\nmz\wakati.c">
      <Filter>ソース ファイル</Filter>
    </ClCompile>
  </ItemGroup>
  <ItemGroup>
    <None Include="nmz.def">
      <Filter>ソース ファイル</Filter>
    </None>
  </ItemGroup>
  <ItemGroup>
    <ClInclude Include="..\nmz\alias.h">
      <Filter>ヘッダー ファイル</Filter>
    </ClInclude>
    <ClInclude Include="..\nmz\codeconv.h">
      <Filter>ヘッダー ファイル</Filter>
    </ClInclude>
    <ClInclude Include="include\config.h">
      <Filter>ヘッダー ファイル</Filter>
    </ClInclude>
    <ClInclude Include="..\nmz\field.h">
      <Filter>ヘッダー ファイル</Filter>
    </ClInclude>
    <ClInclude Include="..\lib\getopt.h">
      <Filter>ヘッダー ファイル</Filter>
    </ClInclude>
    <ClInclude Include="..\nmz\hlist.h">
      <Filter>ヘッダー ファイル</Filter>
    </ClInclude>
    <ClInclude Include="..\nmz\i18n.h">
      <Filter>ヘッダー ファイル</Filter>
    </ClInclude>
    <ClInclude Include="..\nmz\idxname.h">
      <Filter>ヘッダー ファイル</Filter>
    </ClInclude>
    <ClInclude Include="..\nmz\l10n-ja.h">
      <Filter>ヘッダー ファイル</Filter>
    </ClInclude>
    <ClInclude Include="..\..\..\usr\include\libintl.h">
      <Filter>ヘッダー ファイル</Filter>
    </ClInclude>
    <ClInclude Include="..\nmz\libnamazu.h">
      <Filter>ヘッダー ファイル</Filter>
    </ClInclude>
    <ClInclude Include="..\nmz\list.h">
      <Filter>ヘッダー ファイル</Filter>
    </ClInclude>
    <ClInclude Include="..\nmz\parser.h">
      <Filter>ヘッダー ファイル</Filter>
    </ClInclude>
    <ClInclude Include="..\nmz\query.h">
      <Filter>ヘッダー ファイル</Filter>
    </ClInclude>
    <ClInclude Include="..\nmz\re.h">
      <Filter>ヘッダー ファイル</Filter>
    </ClInclude>
    <ClInclude Include="..\nmz\regex.h">
      <Filter>ヘッダー ファイル</Filter>
    </ClInclude>
    <ClInclude Include="..\nmz\replace.h">
      <Filter>ヘッダー ファイル</Filter>
    </ClInclude>
    <ClInclude Include="resource.h">
      <Filter>ヘッダー ファイル</Filter>
    </ClInclude>
    <ClInclude Include="..\nmz\score.h">
      <Filter>ヘッダー ファイル</Filter>
    </ClInclude>
    <ClInclude Include="..\nmz\search.h">
      <Filter>ヘッダー ファイル</Filter>
    </ClInclude>
    <ClInclude Include="..\nmz\seed.h">
      <Filter>ヘッダー ファイル</Filter>
    </ClInclude>
    <ClInclude Include="..\nmz\support.h">
      <Filter>ヘッダー ファイル</Filter>
    </ClInclude>
    <ClInclude Include="..\nmz\system.h">
      <Filter>ヘッダー ファイル</Filter>
    </ClInclude>
    <ClInclude Include="..\nmz\util.h">
      <Filter>ヘッダー ファイル</Filter>
    </ClInclude>
    <ClInclude Include="..\nmz\var.h">
      <Filter>ヘッダー ファイル</Filter>
    </ClInclude>
    <ClInclude Include="..\nmz\wakati.h">
      <Filter>ヘッダー ファイル</Filter>
    </ClInclude>
  </ItemGroup>
  <ItemGroup>
    <ResourceCompile Include="nmz.rc">
      <Filter>リソース ファイル</Filter>
    </ResourceCompile>
  </ItemGroup>
</Project>